// !$*UTF8*$!
{
	archiveVersion = 1;
	classes = {
	};
	objectVersion = 56;
	objects = {

/* Begin PBXBuildFile section */
		5CC09AC229D1E9E8002028F5 /* AppDelegate.swift in Sources */ = {isa = PBXBuildFile; fileRef = 5CC09AC129D1E9E8002028F5 /* AppDelegate.swift */; };
		5CC09AC429D1E9E8002028F5 /* SceneDelegate.swift in Sources */ = {isa = PBXBuildFile; fileRef = 5CC09AC329D1E9E8002028F5 /* SceneDelegate.swift */; };
		5CC09AC629D1E9E8002028F5 /* ViewController.swift in Sources */ = {isa = PBXBuildFile; fileRef = 5CC09AC529D1E9E8002028F5 /* ViewController.swift */; };
		5CC09AC929D1E9E8002028F5 /* Main.storyboard in Resources */ = {isa = PBXBuildFile; fileRef = 5CC09AC729D1E9E8002028F5 /* Main.storyboard */; };
		5CC09ACB29D1E9E9002028F5 /* Assets.xcassets in Resources */ = {isa = PBXBuildFile; fileRef = 5CC09ACA29D1E9E9002028F5 /* Assets.xcassets */; };
		5CC09ACE29D1E9E9002028F5 /* LaunchScreen.storyboard in Resources */ = {isa = PBXBuildFile; fileRef = 5CC09ACC29D1E9E9002028F5 /* LaunchScreen.storyboard */; };
		5CC09AD929D1E9E9002028F5 /* Control_de_IluminacionTests.swift in Sources */ = {isa = PBXBuildFile; fileRef = 5CC09AD829D1E9E9002028F5 /* Control_de_IluminacionTests.swift */; };
		5CC09AE329D1E9E9002028F5 /* Control_de_IluminacionUITests.swift in Sources */ = {isa = PBXBuildFile; fileRef = 5CC09AE229D1E9E9002028F5 /* Control_de_IluminacionUITests.swift */; };
		5CC09AE529D1E9E9002028F5 /* Control_de_IluminacionUITestsLaunchTests.swift in Sources */ = {isa = PBXBuildFile; fileRef = 5CC09AE429D1E9E9002028F5 /* Control_de_IluminacionUITestsLaunchTests.swift */; };
/* End PBXBuildFile section */

/* Begin PBXContainerItemProxy section */
		5CC09AD529D1E9E9002028F5 /* PBXContainerItemProxy */ = {
			isa = PBXContainerItemProxy;
			containerPortal = 5CC09AB629D1E9E8002028F5 /* Project object */;
			proxyType = 1;
			remoteGlobalIDString = 5CC09ABD29D1E9E8002028F5;
			remoteInfo = "Control de Iluminacion";
		};
		5CC09ADF29D1E9E9002028F5 /* PBXContainerItemProxy */ = {
			isa = PBXContainerItemProxy;
			containerPortal = 5CC09AB629D1E9E8002028F5 /* Project object */;
			proxyType = 1;
			remoteGlobalIDString = 5CC09ABD29D1E9E8002028F5;
			remoteInfo = "Control de Iluminacion";
		};
/* End PBXContainerItemProxy section */

/* Begin PBXFileReference section */
		5CC09ABE29D1E9E8002028F5 /* Control de Iluminacion.app */ = {isa = PBXFileReference; explicitFileType = wrapper.application; includeInIndex = 0; path = "Control de Iluminacion.app"; sourceTree = BUILT_PRODUCTS_DIR; };
		5CC09AC129D1E9E8002028F5 /* AppDelegate.swift */ = {isa = PBXFileReference; lastKnownFileType = sourcecode.swift; path = AppDelegate.swift; sourceTree = "<group>"; };
		5CC09AC329D1E9E8002028F5 /* SceneDelegate.swift */ = {isa = PBXFileReference; lastKnownFileType = sourcecode.swift; path = SceneDelegate.swift; sourceTree = "<group>"; };
		5CC09AC529D1E9E8002028F5 /* ViewController.swift */ = {isa = PBXFileReference; lastKnownFileType = sourcecode.swift; path = ViewController.swift; sourceTree = "<group>"; };
		5CC09AC829D1E9E8002028F5 /* Base */ = {isa = PBXFileReference; lastKnownFileType = file.storyboard; name = Base; path = Base.lproj/Main.storyboard; sourceTree = "<group>"; };
		5CC09ACA29D1E9E9002028F5 /* Assets.xcassets */ = {isa = PBXFileReference; lastKnownFileType = folder.assetcatalog; path = Assets.xcassets; sourceTree = "<group>"; };
		5CC09ACD29D1E9E9002028F5 /* Base */ = {isa = PBXFileReference; lastKnownFileType = file.storyboard; name = Base; path = Base.lproj/LaunchScreen.storyboard; sourceTree = "<group>"; };
		5CC09ACF29D1E9E9002028F5 /* Info.plist */ = {isa = PBXFileReference; lastKnownFileType = text.plist.xml; path = Info.plist; sourceTree = "<group>"; };
		5CC09AD429D1E9E9002028F5 /* Control de IluminacionTests.xctest */ = {isa = PBXFileReference; explicitFileType = wrapper.cfbundle; includeInIndex = 0; path = "Control de IluminacionTests.xctest"; sourceTree = BUILT_PRODUCTS_DIR; };
		5CC09AD829D1E9E9002028F5 /* Control_de_IluminacionTests.swift */ = {isa = PBXFileReference; lastKnownFileType = sourcecode.swift; path = Control_de_IluminacionTests.swift; sourceTree = "<group>"; };
		5CC09ADE29D1E9E9002028F5 /* Control de IluminacionUITests.xctest */ = {isa = PBXFileReference; explicitFileType = wrapper.cfbundle; includeInIndex = 0; path = "Control de IluminacionUITests.xctest"; sourceTree = BUILT_PRODUCTS_DIR; };
		5CC09AE229D1E9E9002028F5 /* Control_de_IluminacionUITests.swift */ = {isa = PBXFileReference; lastKnownFileType = sourcecode.swift; path = Control_de_IluminacionUITests.swift; sourceTree = "<group>"; };
		5CC09AE429D1E9E9002028F5 /* Control_de_IluminacionUITestsLaunchTests.swift */ = {isa = PBXFileReference; lastKnownFileType = sourcecode.swift; path = Control_de_IluminacionUITestsLaunchTests.swift; sourceTree = "<group>"; };
/* End PBXFileReference section */

/* Begin PBXFrameworksBuildPhase section */
		5CC09ABB29D1E9E8002028F5 /* Frameworks */ = {
			isa = PBXFrameworksBuildPhase;
			buildActionMask = 2147483647;
			files = (
			);
			runOnlyForDeploymentPostprocessing = 0;
		};
		5CC09AD129D1E9E9002028F5 /* Frameworks */ = {
			isa = PBXFrameworksBuildPhase;
			buildActionMask = 2147483647;
			files = (
			);
			runOnlyForDeploymentPostprocessing = 0;
		};
		5CC09ADB29D1E9E9002028F5 /* Frameworks */ = {
			isa = PBXFrameworksBuildPhase;
			buildActionMask = 2147483647;
			files = (
			);
			runOnlyForDeploymentPostprocessing = 0;
		};
/* End PBXFrameworksBuildPhase section */

/* Begin PBXGroup section */
		5CC09AB529D1E9E8002028F5 = {
			isa = PBXGroup;
			children = (
				5CC09AC029D1E9E8002028F5 /* Control de Iluminacion */,
				5CC09AD729D1E9E9002028F5 /* Control de IluminacionTests */,
				5CC09AE129D1E9E9002028F5 /* Control de IluminacionUITests */,
				5CC09ABF29D1E9E8002028F5 /* Products */,
			);
			sourceTree = "<group>";
		};
		5CC09ABF29D1E9E8002028F5 /* Products */ = {
			isa = PBXGroup;
			children = (
				5CC09ABE29D1E9E8002028F5 /* Control de Iluminacion.app */,
				5CC09AD429D1E9E9002028F5 /* Control de IluminacionTests.xctest */,
				5CC09ADE29D1E9E9002028F5 /* Control de IluminacionUITests.xctest */,
			);
			name = Products;
			sourceTree = "<group>";
		};
		5CC09AC029D1E9E8002028F5 /* Control de Iluminacion */ = {
			isa = PBXGroup;
			children = (
				5CC09AC129D1E9E8002028F5 /* AppDelegate.swift */,
				5CC09AC329D1E9E8002028F5 /* SceneDelegate.swift */,
				5CC09AC529D1E9E8002028F5 /* ViewController.swift */,
				5CC09AC729D1E9E8002028F5 /* Main.storyboard */,
				5CC09ACA29D1E9E9002028F5 /* Assets.xcassets */,
				5CC09ACC29D1E9E9002028F5 /* LaunchScreen.storyboard */,
				5CC09ACF29D1E9E9002028F5 /* Info.plist */,
			);
			path = "Control de Iluminacion";
			sourceTree = "<group>";
		};
		5CC09AD729D1E9E9002028F5 /* Control de IluminacionTests */ = {
			isa = PBXGroup;
			children = (
				5CC09AD829D1E9E9002028F5 /* Control_de_IluminacionTests.swift */,
			);
			path = "Control de IluminacionTests";
			sourceTree = "<group>";
		};
		5CC09AE129D1E9E9002028F5 /* Control de IluminacionUITests */ = {
			isa = PBXGroup;
			children = (
				5CC09AE229D1E9E9002028F5 /* Control_de_IluminacionUITests.swift */,
				5CC09AE429D1E9E9002028F5 /* Control_de_IluminacionUITestsLaunchTests.swift */,
			);
			path = "Control de IluminacionUITests";
			sourceTree = "<group>";
		};
/* End PBXGroup section */

/* Begin PBXNativeTarget section */
		5CC09ABD29D1E9E8002028F5 /* Control de Iluminacion */ = {
			isa = PBXNativeTarget;
			buildConfigurationList = 5CC09AE829D1E9E9002028F5 /* Build configuration list for PBXNativeTarget "Control de Iluminacion" */;
			buildPhases = (
				5CC09ABA29D1E9E8002028F5 /* Sources */,
				5CC09ABB29D1E9E8002028F5 /* Frameworks */,
				5CC09ABC29D1E9E8002028F5 /* Resources */,
			);
			buildRules = (
			);
			dependencies = (
			);
			name = "Control de Iluminacion";
			productName = "Control de Iluminacion";
			productReference = 5CC09ABE29D1E9E8002028F5 /* Control de Iluminacion.app */;
			productType = "com.apple.product-type.application";
		};
		5CC09AD329D1E9E9002028F5 /* Control de IluminacionTests */ = {
			isa = PBXNativeTarget;
			buildConfigurationList = 5CC09AEB29D1E9E9002028F5 /* Build configuration list for PBXNativeTarget "Control de IluminacionTests" */;
			buildPhases = (
				5CC09AD029D1E9E9002028F5 /* Sources */,
				5CC09AD129D1E9E9002028F5 /* Frameworks */,
				5CC09AD229D1E9E9002028F5 /* Resources */,
			);
			buildRules = (
			);
			dependencies = (
				5CC09AD629D1E9E9002028F5 /* PBXTargetDependency */,
			);
			name = "Control de IluminacionTests";
			productName = "Control de IluminacionTests";
			productReference = 5CC09AD429D1E9E9002028F5 /* Control de IluminacionTests.xctest */;
			productType = "com.apple.product-type.bundle.unit-test";
		};
		5CC09ADD29D1E9E9002028F5 /* Control de IluminacionUITests */ = {
			isa = PBXNativeTarget;
			buildConfigurationList = 5CC09AEE29D1E9E9002028F5 /* Build configuration list for PBXNativeTarget "Control de IluminacionUITests" */;
			buildPhases = (
				5CC09ADA29D1E9E9002028F5 /* Sources */,
				5CC09ADB29D1E9E9002028F5 /* Frameworks */,
				5CC09ADC29D1E9E9002028F5 /* Resources */,
			);
			buildRules = (
			);
			dependencies = (
				5CC09AE029D1E9E9002028F5 /* PBXTargetDependency */,
			);
			name = "Control de IluminacionUITests";
			productName = "Control de IluminacionUITests";
			productReference = 5CC09ADE29D1E9E9002028F5 /* Control de IluminacionUITests.xctest */;
			productType = "com.apple.product-type.bundle.ui-testing";
		};
/* End PBXNativeTarget section */

/* Begin PBXProject section */
		5CC09AB629D1E9E8002028F5 /* Project object */ = {
			isa = PBXProject;
			attributes = {
				BuildIndependentTargetsInParallel = 1;
				LastSwiftUpdateCheck = 1420;
				LastUpgradeCheck = 1420;
				TargetAttributes = {
					5CC09ABD29D1E9E8002028F5 = {
						CreatedOnToolsVersion = 14.2;
					};
					5CC09AD329D1E9E9002028F5 = {
						CreatedOnToolsVersion = 14.2;
						TestTargetID = 5CC09ABD29D1E9E8002028F5;
					};
					5CC09ADD29D1E9E9002028F5 = {
						CreatedOnToolsVersion = 14.2;
						TestTargetID = 5CC09ABD29D1E9E8002028F5;
					};
				};
			};
			buildConfigurationList = 5CC09AB929D1E9E8002028F5 /* Build configuration list for PBXProject "Control de Iluminacion" */;
			compatibilityVersion = "Xcode 14.0";
			developmentRegion = en;
			hasScannedForEncodings = 0;
			knownRegions = (
				en,
				Base,
			);
			mainGroup = 5CC09AB529D1E9E8002028F5;
			productRefGroup = 5CC09ABF29D1E9E8002028F5 /* Products */;
			projectDirPath = "";
			projectRoot = "";
			targets = (
				5CC09ABD29D1E9E8002028F5 /* Control de Iluminacion */,
				5CC09AD329D1E9E9002028F5 /* Control de IluminacionTests */,
				5CC09ADD29D1E9E9002028F5 /* Control de IluminacionUITests */,
			);
		};
/* End PBXProject section */

/* Begin PBXResourcesBuildPhase section */
		5CC09ABC29D1E9E8002028F5 /* Resources */ = {
			isa = PBXResourcesBuildPhase;
			buildActionMask = 2147483647;
			files = (
				5CC09ACE29D1E9E9002028F5 /* LaunchScreen.storyboard in Resources */,
				5CC09ACB29D1E9E9002028F5 /* Assets.xcassets in Resources */,
				5CC09AC929D1E9E8002028F5 /* Main.storyboard in Resources */,
			);
			runOnlyForDeploymentPostprocessing = 0;
		};
		5CC09AD229D1E9E9002028F5 /* Resources */ = {
			isa = PBXResourcesBuildPhase;
			buildActionMask = 2147483647;
			files = (
			);
			runOnlyForDeploymentPostprocessing = 0;
		};
		5CC09ADC29D1E9E9002028F5 /* Resources */ = {
			isa = PBXResourcesBuildPhase;
			buildActionMask = 2147483647;
			files = (
			);
			runOnlyForDeploymentPostprocessing = 0;
		};
/* End PBXResourcesBuildPhase section */

/* Begin PBXSourcesBuildPhase section */
		5CC09ABA29D1E9E8002028F5 /* Sources */ = {
			isa = PBXSourcesBuildPhase;
			buildActionMask = 2147483647;
			files = (
				5CC09AC629D1E9E8002028F5 /* ViewController.swift in Sources */,
				5CC09AC229D1E9E8002028F5 /* AppDelegate.swift in Sources */,
				5CC09AC429D1E9E8002028F5 /* SceneDelegate.swift in Sources */,
			);
			runOnlyForDeploymentPostprocessing = 0;
		};
		5CC09AD029D1E9E9002028F5 /* Sources */ = {
			isa = PBXSourcesBuildPhase;
			buildActionMask = 2147483647;
			files = (
				5CC09AD929D1E9E9002028F5 /* Control_de_IluminacionTests.swift in Sources */,
			);
			runOnlyForDeploymentPostprocessing = 0;
		};
		5CC09ADA29D1E9E9002028F5 /* Sources */ = {
			isa = PBXSourcesBuildPhase;
			buildActionMask = 2147483647;
			files = (
				5CC09AE529D1E9E9002028F5 /* Control_de_IluminacionUITestsLaunchTests.swift in Sources */,
				5CC09AE329D1E9E9002028F5 /* Control_de_IluminacionUITests.swift in Sources */,
			);
			runOnlyForDeploymentPostprocessing = 0;
		};
/* End PBXSourcesBuildPhase section */

/* Begin PBXTargetDependency section */
		5CC09AD629D1E9E9002028F5 /* PBXTargetDependency */ = {
			isa = PBXTargetDependency;
			target = 5CC09ABD29D1E9E8002028F5 /* Control de Iluminacion */;
			targetProxy = 5CC09AD529D1E9E9002028F5 /* PBXContainerItemProxy */;
		};
		5CC09AE029D1E9E9002028F5 /* PBXTargetDependency */ = {
			isa = PBXTargetDependency;
			target = 5CC09ABD29D1E9E8002028F5 /* Control de Iluminacion */;
			targetProxy = 5CC09ADF29D1E9E9002028F5 /* PBXContainerItemProxy */;
		};
/* End PBXTargetDependency section */

/* Begin PBXVariantGroup section */
		5CC09AC729D1E9E8002028F5 /* Main.storyboard */ = {
			isa = PBXVariantGroup;
			children = (
				5CC09AC829D1E9E8002028F5 /* Base */,
			);
			name = Main.storyboard;
			sourceTree = "<group>";
		};
		5CC09ACC29D1E9E9002028F5 /* LaunchScreen.storyboard */ = {
			isa = PBXVariantGroup;
			children = (
				5CC09ACD29D1E9E9002028F5 /* Base */,
			);
			name = LaunchScreen.storyboard;
			sourceTree = "<group>";
		};
/* End PBXVariantGroup section */

/* Begin XCBuildConfiguration section */
		5CC09AE629D1E9E9002028F5 /* Debug */ = {
			isa = XCBuildConfiguration;
			buildSettings = {
				ALWAYS_SEARCH_USER_PATHS = NO;
				CLANG_ANALYZER_NONNULL = YES;
				CLANG_ANALYZER_NUMBER_OBJECT_CONVERSION = YES_AGGRESSIVE;
				CLANG_CXX_LANGUAGE_STANDARD = "gnu++20";
				CLANG_ENABLE_MODULES = YES;
				CLANG_ENABLE_OBJC_ARC = YES;
				CLANG_ENABLE_OBJC_WEAK = YES;
				CLANG_WARN_BLOCK_CAPTURE_AUTORELEASING = YES;
				CLANG_WARN_BOOL_CONVERSION = YES;
				CLANG_WARN_COMMA = YES;
				CLANG_WARN_CONSTANT_CONVERSION = YES;
				CLANG_WARN_DEPRECATED_OBJC_IMPLEMENTATIONS = YES;
				CLANG_WARN_DIRECT_OBJC_ISA_USAGE = YES_ERROR;
				CLANG_WARN_DOCUMENTATION_COMMENTS = YES;
				CLANG_WARN_EMPTY_BODY = YES;
				CLANG_WARN_ENUM_CONVERSION = YES;
				CLANG_WARN_INFINITE_RECURSION = YES;
				CLANG_WARN_INT_CONVERSION = YES;
				CLANG_WARN_NON_LITERAL_NULL_CONVERSION = YES;
				CLANG_WARN_OBJC_IMPLICIT_RETAIN_SELF = YES;
				CLANG_WARN_OBJC_LITERAL_CONVERSION = YES;
				CLANG_WARN_OBJC_ROOT_CLASS = YES_ERROR;
				CLANG_WARN_QUOTED_INCLUDE_IN_FRAMEWORK_HEADER = YES;
				CLANG_WARN_RANGE_LOOP_ANALYSIS = YES;
				CLANG_WARN_STRICT_PROTOTYPES = YES;
				CLANG_WARN_SUSPICIOUS_MOVE = YES;
				CLANG_WARN_UNGUARDED_AVAILABILITY = YES_AGGRESSIVE;
				CLANG_WARN_UNREACHABLE_CODE = YES;
				CLANG_WARN__DUPLICATE_METHOD_MATCH = YES;
				COPY_PHASE_STRIP = NO;
				DEBUG_INFORMATION_FORMAT = dwarf;
				ENABLE_STRICT_OBJC_MSGSEND = YES;
				ENABLE_TESTABILITY = YES;
				GCC_C_LANGUAGE_STANDARD = gnu11;
				GCC_DYNAMIC_NO_PIC = NO;
				GCC_NO_COMMON_BLOCKS = YES;
				GCC_OPTIMIZATION_LEVEL = 0;
				GCC_PREPROCESSOR_DEFINITIONS = (
					"DEBUG=1",
					"$(inherited)",
				);
				GCC_WARN_64_TO_32_BIT_CONVERSION = YES;
				GCC_WARN_ABOUT_RETURN_TYPE = YES_ERROR;
				GCC_WARN_UNDECLARED_SELECTOR = YES;
				GCC_WARN_UNINITIALIZED_AUTOS = YES_AGGRESSIVE;
				GCC_WARN_UNUSED_FUNCTION = YES;
				GCC_WARN_UNUSED_VARIABLE = YES;
				IPHONEOS_DEPLOYMENT_TARGET = 16.2;
				MTL_ENABLE_DEBUG_INFO = INCLUDE_SOURCE;
				MTL_FAST_MATH = YES;
				ONLY_ACTIVE_ARCH = YES;
				SDKROOT = iphoneos;
				SWIFT_ACTIVE_COMPILATION_CONDITIONS = DEBUG;
				SWIFT_OPTIMIZATION_LEVEL = "-Onone";
			};
			name = Debug;
		};
		5CC09AE729D1E9E9002028F5 /* Release */ = {
			isa = XCBuildConfiguration;
			buildSettings = {
				ALWAYS_SEARCH_USER_PATHS = NO;
				CLANG_ANALYZER_NONNULL = YES;
				CLANG_ANALYZER_NUMBER_OBJECT_CONVERSION = YES_AGGRESSIVE;
				CLANG_CXX_LANGUAGE_STANDARD = "gnu++20";
				CLANG_ENABLE_MODULES = YES;
				CLANG_ENABLE_OBJC_ARC = YES;
				CLANG_ENABLE_OBJC_WEAK = YES;
				CLANG_WARN_BLOCK_CAPTURE_AUTORELEASING = YES;
				CLANG_WARN_BOOL_CONVERSION = YES;
				CLANG_WARN_COMMA = YES;
				CLANG_WARN_CONSTANT_CONVERSION = YES;
				CLANG_WARN_DEPRECATED_OBJC_IMPLEMENTATIONS = YES;
				CLANG_WARN_DIRECT_OBJC_ISA_USAGE = YES_ERROR;
				CLANG_WARN_DOCUMENTATION_COMMENTS = YES;
				CLANG_WARN_EMPTY_BODY = YES;
				CLANG_WARN_ENUM_CONVERSION = YES;
				CLANG_WARN_INFINITE_RECURSION = YES;
				CLANG_WARN_INT_CONVERSION = YES;
				CLANG_WARN_NON_LITERAL_NULL_CONVERSION = YES;
				CLANG_WARN_OBJC_IMPLICIT_RETAIN_SELF = YES;
				CLANG_WARN_OBJC_LITERAL_CONVERSION = YES;
				CLANG_WARN_OBJC_ROOT_CLASS = YES_ERROR;
				CLANG_WARN_QUOTED_INCLUDE_IN_FRAMEWORK_HEADER = YES;
				CLANG_WARN_RANGE_LOOP_ANALYSIS = YES;
				CLANG_WARN_STRICT_PROTOTYPES = YES;
				CLANG_WARN_SUSPICIOUS_MOVE = YES;
				CLANG_WARN_UNGUARDED_AVAILABILITY = YES_AGGRESSIVE;
				CLANG_WARN_UNREACHABLE_CODE = YES;
				CLANG_WARN__DUPLICATE_METHOD_MATCH = YES;
				COPY_PHASE_STRIP = NO;
				DEBUG_INFORMATION_FORMAT = "dwarf-with-dsym";
				ENABLE_NS_ASSERTIONS = NO;
				ENABLE_STRICT_OBJC_MSGSEND = YES;
				GCC_C_LANGUAGE_STANDARD = gnu11;
				GCC_NO_COMMON_BLOCKS = YES;
				GCC_WARN_64_TO_32_BIT_CONVERSION = YES;
				GCC_WARN_ABOUT_RETURN_TYPE = YES_ERROR;
				GCC_WARN_UNDECLARED_SELECTOR = YES;
				GCC_WARN_UNINITIALIZED_AUTOS = YES_AGGRESSIVE;
				GCC_WARN_UNUSED_FUNCTION = YES;
				GCC_WARN_UNUSED_VARIABLE = YES;
				IPHONEOS_DEPLOYMENT_TARGET = 16.2;
				MTL_ENABLE_DEBUG_INFO = NO;
				MTL_FAST_MATH = YES;
				SDKROOT = iphoneos;
				SWIFT_COMPILATION_MODE = wholemodule;
				SWIFT_OPTIMIZATION_LEVEL = "-O";
				VALIDATE_PRODUCT = YES;
			};
			name = Release;
		};
		5CC09AE929D1E9E9002028F5 /* Debug */ = {
			isa = XCBuildConfiguration;
			buildSettings = {
				ASSETCATALOG_COMPILER_APPICON_NAME = AppIcon;
				ASSETCATALOG_COMPILER_GLOBAL_ACCENT_COLOR_NAME = AccentColor;
				CODE_SIGN_STYLE = Automatic;
				CURRENT_PROJECT_VERSION = 1;
				DEVELOPMENT_TEAM = BP5H22SQA5;
				GENERATE_INFOPLIST_FILE = YES;
				INFOPLIST_FILE = "Control de Iluminacion/Info.plist";
				INFOPLIST_KEY_UIApplicationSupportsIndirectInputEvents = YES;
				INFOPLIST_KEY_UILaunchStoryboardName = LaunchScreen;
				INFOPLIST_KEY_UIMainStoryboardFile = Main;
				INFOPLIST_KEY_UISupportedInterfaceOrientations_iPad = "UIInterfaceOrientationPortrait UIInterfaceOrientationPortraitUpsideDown UIInterfaceOrientationLandscapeLeft UIInterfaceOrientationLandscapeRight";
				INFOPLIST_KEY_UISupportedInterfaceOrientations_iPhone = "UIInterfaceOrientationPortrait UIInterfaceOrientationLandscapeLeft UIInterfaceOrientationLandscapeRight";
				LD_RUNPATH_SEARCH_PATHS = (
					"$(inherited)",
					"@executable_path/Frameworks",
				);
				MARKETING_VERSION = 1.0;
				PRODUCT_BUNDLE_IDENTIFIER = "lanazirot.Control-de-Iluminacion";
				PRODUCT_NAME = "$(TARGET_NAME)";
				SWIFT_EMIT_LOC_STRINGS = YES;
				SWIFT_VERSION = 5.0;
				TARGETED_DEVICE_FAMILY = "1,2";
			};
			name = Debug;
		};
		5CC09AEA29D1E9E9002028F5 /* Release */ = {
			isa = XCBuildConfiguration;
			buildSettings = {
				ASSETCATALOG_COMPILER_APPICON_NAME = AppIcon;
				ASSETCATALOG_COMPILER_GLOBAL_ACCENT_COLOR_NAME = AccentColor;
				CODE_SIGN_STYLE = Automatic;
				CURRENT_PROJECT_VERSION = 1;
				DEVELOPMENT_TEAM = BP5H22SQA5;
				GENERATE_INFOPLIST_FILE = YES;
				INFOPLIST_FILE = "Control de Iluminacion/Info.plist";
				INFOPLIST_KEY_UIApplicationSupportsIndirectInputEvents = YES;
				INFOPLIST_KEY_UILaunchStoryboardName = LaunchScreen;
				INFOPLIST_KEY_UIMainStoryboardFile = Main;
				INFOPLIST_KEY_UISupportedInterfaceOrientations_iPad = "UIInterfaceOrientationPortrait UIInterfaceOrientationPortraitUpsideDown UIInterfaceOrientationLandscapeLeft UIInterfaceOrientationLandscapeRight";
				INFOPLIST_KEY_UISupportedInterfaceOrientations_iPhone = "UIInterfaceOrientationPortrait UIInterfaceOrientationLandscapeLeft UIInterfaceOrientationLandscapeRight";
				LD_RUNPATH_SEARCH_PATHS = (
					"$(inherited)",
					"@executable_path/Frameworks",
				);
				MARKETING_VERSION = 1.0;
				PRODUCT_BUNDLE_IDENTIFIER = "lanazirot.Control-de-Iluminacion";
				PRODUCT_NAME = "$(TARGET_NAME)";
				SWIFT_EMIT_LOC_STRINGS = YES;
				SWIFT_VERSION = 5.0;
				TARGETED_DEVICE_FAMILY = "1,2";
			};
			name = Release;
		};
		5CC09AEC29D1E9E9002028F5 /* Debug */ = {
			isa = XCBuildConfiguration;
			buildSettings = {
				ALWAYS_EMBED_SWIFT_STANDARD_LIBRARIES = YES;
				BUNDLE_LOADER = "$(TEST_HOST)";
				CODE_SIGN_STYLE = Automatic;
				CURRENT_PROJECT_VERSION = 1;
				DEVELOPMENT_TEAM = BP5H22SQA5;
				GENERATE_INFOPLIST_FILE = YES;
				IPHONEOS_DEPLOYMENT_TARGET = 16.2;
				MARKETING_VERSION = 1.0;
				PRODUCT_BUNDLE_IDENTIFIER = "lanazirot.Control-de-IluminacionTests";
				PRODUCT_NAME = "$(TARGET_NAME)";
				SWIFT_EMIT_LOC_STRINGS = NO;
				SWIFT_VERSION = 5.0;
				TARGETED_DEVICE_FAMILY = "1,2";
				TEST_HOST = "$(BUILT_PRODUCTS_DIR)/Control de Iluminacion.app/$(BUNDLE_EXECUTABLE_FOLDER_PATH)/Control de Iluminacion";
			};
			name = Debug;
		};
		5CC09AED29D1E9E9002028F5 /* Release */ = {
			isa = XCBuildConfiguration;
			buildSettings = {
				ALWAYS_EMBED_SWIFT_STANDARD_LIBRARIES = YES;
				BUNDLE_LOADER = "$(TEST_HOST)";
				CODE_SIGN_STYLE = Automatic;
				CURRENT_PROJECT_VERSION = 1;
				DEVELOPMENT_TEAM = BP5H22SQA5;
				GENERATE_INFOPLIST_FILE = YES;
				IPHONEOS_DEPLOYMENT_TARGET = 16.2;
				MARKETING_VERSION = 1.0;
				PRODUCT_BUNDLE_IDENTIFIER = "lanazirot.Control-de-IluminacionTests";
				PRODUCT_NAME = "$(TARGET_NAME)";
				SWIFT_EMIT_LOC_STRINGS = NO;
				SWIFT_VERSION = 5.0;
				TARGETED_DEVICE_FAMILY = "1,2";
				TEST_HOST = "$(BUILT_PRODUCTS_DIR)/Control de Iluminacion.app/$(BUNDLE_EXECUTABLE_FOLDER_PATH)/Control de Iluminacion";
			};
			name = Release;
		};
		5CC09AEF29D1E9E9002028F5 /* Debug */ = {
			isa = XCBuildConfiguration;
			buildSettings = {
				ALWAYS_EMBED_SWIFT_STANDARD_LIBRARIES = YES;
				CODE_SIGN_STYLE = Automatic;
				CURRENT_PROJECT_VERSION = 1;
				DEVELOPMENT_TEAM = BP5H22SQA5;
				GENERATE_INFOPLIST_FILE = YES;
				MARKETING_VERSION = 1.0;
				PRODUCT_BUNDLE_IDENTIFIER = "lanazirot.Control-de-IluminacionUITests";
				PRODUCT_NAME = "$(TARGET_NAME)";
				SWIFT_EMIT_LOC_STRINGS = NO;
				SWIFT_VERSION = 5.0;
				TARGETED_DEVICE_FAMILY = "1,2";
				TEST_TARGET_NAME = "Control de Iluminacion";
			};
			name = Debug;
		};
		5CC09AF029D1E9E9002028F5 /* Release */ = {
			isa = XCBuildConfiguration;
			buildSettings = {
				ALWAYS_EMBED_SWIFT_STANDARD_LIBRARIES = YES;
				CODE_SIGN_STYLE = Automatic;
				CURRENT_PROJECT_VERSION = 1;
				DEVELOPMENT_TEAM = BP5H22SQA5;
				GENERATE_INFOPLIST_FILE = YES;
				MARKETING_VERSION = 1.0;
				PRODUCT_BUNDLE_IDENTIFIER = "lanazirot.Control-de-IluminacionUITests";
				PRODUCT_NAME = "$(TARGET_NAME)";
				SWIFT_EMIT_LOC_STRINGS = NO;
				SWIFT_VERSION = 5.0;
				TARGETED_DEVICE_FAMILY = "1,2";
				TEST_TARGET_NAME = "Control de Iluminacion";
			};
			name = Release;
		};
/* End XCBuildConfiguration section */

/* Begin XCConfigurationList section */
		5CC09AB929D1E9E8002028F5 /* Build configuration list for PBXProject "Control de Iluminacion" */ = {
			isa = XCConfigurationList;
			buildConfigurations = (
				5CC09AE629D1E9E9002028F5 /* Debug */,
				5CC09AE729D1E9E9002028F5 /* Release */,
			);
			defaultConfigurationIsVisible = 0;
			defaultConfigurationName = Release;
		};
		5CC09AE829D1E9E9002028F5 /* Build configuration list for PBXNativeTarget "Control de Iluminacion" */ = {
			isa = XCConfigurationList;
			buildConfigurations = (
				5CC09AE929D1E9E9002028F5 /* Debug */,
				5CC09AEA29D1E9E9002028F5 /* Release */,
			);
			defaultConfigurationIsVisible = 0;
			defaultConfigurationName = Release;
		};
		5CC09AEB29D1E9E9002028F5 /* Build configuration list for PBXNativeTarget "Control de IluminacionTests" */ = {
			isa = XCConfigurationList;
			buildConfigurations = (
				5CC09AEC29D1E9E9002028F5 /* Debug */,
				5CC09AED29D1E9E9002028F5 /* Release */,
			);
			defaultConfigurationIsVisible = 0;
			defaultConfigurationName = Release;
		};
		5CC09AEE29D1E9E9002028F5 /* Build configuration list for PBXNativeTarget "Control de IluminacionUITests" */ = {
			isa = XCConfigurationList;
			buildConfigurations = (
				5CC09AEF29D1E9E9002028F5 /* Debug */,
				5CC09AF029D1E9E9002028F5 /* Release */,
			);
			defaultConfigurationIsVisible = 0;
			defaultConfigurationName = Release;
		};
/* End XCConfigurationList section */
	};
	rootObject = 5CC09AB629D1E9E8002028F5 /* Project object */;
}
