// !$*UTF8*$!
{
	archiveVersion = 1;
	classes = {
	};
	objectVersion = 55;
	objects = {

/* Begin PBXBuildFile section */
		84053B8C29E4EBAB00145135 /* Pais.swift in Sources */ = {isa = PBXBuildFile; fileRef = 84053B8B29E4EBAB00145135 /* Pais.swift */; };
		84053B9029E4EFC200145135 /* QatarLogoOficial.png in Resources */ = {isa = PBXBuildFile; fileRef = 84053B8F29E4EFC200145135 /* QatarLogoOficial.png */; };
		84053B9229E4F0D600145135 /* Logo2.jpeg in Resources */ = {isa = PBXBuildFile; fileRef = 84053B9129E4F0D600145135 /* Logo2.jpeg */; };
		840A405529E5D42800CF5F88 /* Sorteo.swift in Sources */ = {isa = PBXBuildFile; fileRef = 840A405429E5D42800CF5F88 /* Sorteo.swift */; };
		840A405729E5D45300CF5F88 /* Bombo.swift in Sources */ = {isa = PBXBuildFile; fileRef = 840A405629E5D45300CF5F88 /* Bombo.swift */; };
		849A076129D9143A0074F2F3 /* AppDelegate.swift in Sources */ = {isa = PBXBuildFile; fileRef = 849A076029D9143A0074F2F3 /* AppDelegate.swift */; };
		849A076329D9143A0074F2F3 /* SceneDelegate.swift in Sources */ = {isa = PBXBuildFile; fileRef = 849A076229D9143A0074F2F3 /* SceneDelegate.swift */; };
		849A076529D9143A0074F2F3 /* ViewController.swift in Sources */ = {isa = PBXBuildFile; fileRef = 849A076429D9143A0074F2F3 /* ViewController.swift */; };
		849A076829D9143A0074F2F3 /* Main.storyboard in Resources */ = {isa = PBXBuildFile; fileRef = 849A076629D9143A0074F2F3 /* Main.storyboard */; };
		849A076A29D9143C0074F2F3 /* Assets.xcassets in Resources */ = {isa = PBXBuildFile; fileRef = 849A076929D9143C0074F2F3 /* Assets.xcassets */; };
		849A076D29D9143C0074F2F3 /* LaunchScreen.storyboard in Resources */ = {isa = PBXBuildFile; fileRef = 849A076B29D9143C0074F2F3 /* LaunchScreen.storyboard */; };
		84F143BC29E9E06700659354 /* desconocido.jpg in Resources */ = {isa = PBXBuildFile; fileRef = 84F143BB29E9E06700659354 /* desconocido.jpg */; };
		84F143DE29E9E30100659354 /* jp.png in Resources */ = {isa = PBXBuildFile; fileRef = 84F143BE29E9E2FF00659354 /* jp.png */; };
		84F143DF29E9E30100659354 /* sa.png in Resources */ = {isa = PBXBuildFile; fileRef = 84F143BF29E9E2FF00659354 /* sa.png */; };
		84F143E029E9E30100659354 /* ch.png in Resources */ = {isa = PBXBuildFile; fileRef = 84F143C029E9E2FF00659354 /* ch.png */; };
		84F143E129E9E30100659354 /* cm.png in Resources */ = {isa = PBXBuildFile; fileRef = 84F143C129E9E2FF00659354 /* cm.png */; };
		84F143E229E9E30100659354 /* cr.png in Resources */ = {isa = PBXBuildFile; fileRef = 84F143C229E9E2FF00659354 /* cr.png */; };
		84F143E329E9E30100659354 /* fr.png in Resources */ = {isa = PBXBuildFile; fileRef = 84F143C329E9E2FF00659354 /* fr.png */; };
		84F143E429E9E30100659354 /* ir.png in Resources */ = {isa = PBXBuildFile; fileRef = 84F143C429E9E2FF00659354 /* ir.png */; };
		84F143E529E9E30100659354 /* ma.png in Resources */ = {isa = PBXBuildFile; fileRef = 84F143C529E9E2FF00659354 /* ma.png */; };
		84F143E629E9E30100659354 /* be.png in Resources */ = {isa = PBXBuildFile; fileRef = 84F143C629E9E2FF00659354 /* be.png */; };
		84F143E729E9E30100659354 /* gh.png in Resources */ = {isa = PBXBuildFile; fileRef = 84F143C729E9E2FF00659354 /* gh.png */; };
		84F143E829E9E30100659354 /* tn.png in Resources */ = {isa = PBXBuildFile; fileRef = 84F143C829E9E2FF00659354 /* tn.png */; };
		84F143E929E9E30100659354 /* pl.png in Resources */ = {isa = PBXBuildFile; fileRef = 84F143C929E9E2FF00659354 /* pl.png */; };
		84F143EA29E9E30100659354 /* qa.png in Resources */ = {isa = PBXBuildFile; fileRef = 84F143CA29E9E2FF00659354 /* qa.png */; };
		84F143EB29E9E30100659354 /* ca.png in Resources */ = {isa = PBXBuildFile; fileRef = 84F143CB29E9E2FF00659354 /* ca.png */; };
		84F143EC29E9E30100659354 /* nl.png in Resources */ = {isa = PBXBuildFile; fileRef = 84F143CC29E9E2FF00659354 /* nl.png */; };
		84F143ED29E9E30100659354 /* es.png in Resources */ = {isa = PBXBuildFile; fileRef = 84F143CD29E9E2FF00659354 /* es.png */; };
		84F143EE29E9E30100659354 /* mx.png in Resources */ = {isa = PBXBuildFile; fileRef = 84F143CE29E9E30000659354 /* mx.png */; };
		84F143EF29E9E30100659354 /* sn.png in Resources */ = {isa = PBXBuildFile; fileRef = 84F143CF29E9E30000659354 /* sn.png */; };
		84F143F029E9E30100659354 /* uy.png in Resources */ = {isa = PBXBuildFile; fileRef = 84F143D029E9E30000659354 /* uy.png */; };
		84F143F129E9E30100659354 /* gb-wls.png in Resources */ = {isa = PBXBuildFile; fileRef = 84F143D129E9E30000659354 /* gb-wls.png */; };
		84F143F229E9E30100659354 /* ar.png in Resources */ = {isa = PBXBuildFile; fileRef = 84F143D229E9E30000659354 /* ar.png */; };
		84F143F329E9E30100659354 /* hr.png in Resources */ = {isa = PBXBuildFile; fileRef = 84F143D329E9E30000659354 /* hr.png */; };
		84F143F429E9E30100659354 /* ec.png in Resources */ = {isa = PBXBuildFile; fileRef = 84F143D429E9E30000659354 /* ec.png */; };
		84F143F529E9E30100659354 /* us.png in Resources */ = {isa = PBXBuildFile; fileRef = 84F143D529E9E30000659354 /* us.png */; };
		84F143F629E9E30100659354 /* kr.png in Resources */ = {isa = PBXBuildFile; fileRef = 84F143D629E9E30000659354 /* kr.png */; };
		84F143F729E9E30100659354 /* dk.png in Resources */ = {isa = PBXBuildFile; fileRef = 84F143D729E9E30000659354 /* dk.png */; };
		84F143F829E9E30100659354 /* rs.png in Resources */ = {isa = PBXBuildFile; fileRef = 84F143D829E9E30000659354 /* rs.png */; };
		84F143F929E9E30100659354 /* gb-eng.png in Resources */ = {isa = PBXBuildFile; fileRef = 84F143D929E9E30000659354 /* gb-eng.png */; };
		84F143FA29E9E30100659354 /* au.png in Resources */ = {isa = PBXBuildFile; fileRef = 84F143DA29E9E30000659354 /* au.png */; };
		84F143FB29E9E30100659354 /* de.png in Resources */ = {isa = PBXBuildFile; fileRef = 84F143DB29E9E30000659354 /* de.png */; };
		84F143FC29E9E30100659354 /* pt.png in Resources */ = {isa = PBXBuildFile; fileRef = 84F143DC29E9E30100659354 /* pt.png */; };
		84F143FD29E9E30100659354 /* br.png in Resources */ = {isa = PBXBuildFile; fileRef = 84F143DD29E9E30100659354 /* br.png */; };
/* End PBXBuildFile section */

/* Begin PBXFileReference section */
		84053B8B29E4EBAB00145135 /* Pais.swift */ = {isa = PBXFileReference; lastKnownFileType = sourcecode.swift; path = Pais.swift; sourceTree = "<group>"; };
		84053B8F29E4EFC200145135 /* QatarLogoOficial.png */ = {isa = PBXFileReference; lastKnownFileType = image.png; path = QatarLogoOficial.png; sourceTree = "<group>"; };
		84053B9129E4F0D600145135 /* Logo2.jpeg */ = {isa = PBXFileReference; lastKnownFileType = image.jpeg; path = Logo2.jpeg; sourceTree = "<group>"; };
		840A405429E5D42800CF5F88 /* Sorteo.swift */ = {isa = PBXFileReference; lastKnownFileType = sourcecode.swift; path = Sorteo.swift; sourceTree = "<group>"; };
		840A405629E5D45300CF5F88 /* Bombo.swift */ = {isa = PBXFileReference; lastKnownFileType = sourcecode.swift; path = Bombo.swift; sourceTree = "<group>"; };
		849A075D29D9143A0074F2F3 /* P2-Sorteo Qatar.app */ = {isa = PBXFileReference; explicitFileType = wrapper.application; includeInIndex = 0; path = "P2-Sorteo Qatar.app"; sourceTree = BUILT_PRODUCTS_DIR; };
		849A076029D9143A0074F2F3 /* AppDelegate.swift */ = {isa = PBXFileReference; lastKnownFileType = sourcecode.swift; path = AppDelegate.swift; sourceTree = "<group>"; };
		849A076229D9143A0074F2F3 /* SceneDelegate.swift */ = {isa = PBXFileReference; lastKnownFileType = sourcecode.swift; path = SceneDelegate.swift; sourceTree = "<group>"; };
		849A076429D9143A0074F2F3 /* ViewController.swift */ = {isa = PBXFileReference; lastKnownFileType = sourcecode.swift; path = ViewController.swift; sourceTree = "<group>"; };
		849A076729D9143A0074F2F3 /* Base */ = {isa = PBXFileReference; lastKnownFileType = file.storyboard; name = Base; path = Base.lproj/Main.storyboard; sourceTree = "<group>"; };
		849A076929D9143C0074F2F3 /* Assets.xcassets */ = {isa = PBXFileReference; lastKnownFileType = folder.assetcatalog; path = Assets.xcassets; sourceTree = "<group>"; };
		849A076C29D9143C0074F2F3 /* Base */ = {isa = PBXFileReference; lastKnownFileType = file.storyboard; name = Base; path = Base.lproj/LaunchScreen.storyboard; sourceTree = "<group>"; };
		849A076E29D9143C0074F2F3 /* Info.plist */ = {isa = PBXFileReference; lastKnownFileType = text.plist.xml; path = Info.plist; sourceTree = "<group>"; };
		84F143BB29E9E06700659354 /* desconocido.jpg */ = {isa = PBXFileReference; lastKnownFileType = image.jpeg; path = desconocido.jpg; sourceTree = "<group>"; };
		84F143BE29E9E2FF00659354 /* jp.png */ = {isa = PBXFileReference; lastKnownFileType = image.png; path = jp.png; sourceTree = "<group>"; };
		84F143BF29E9E2FF00659354 /* sa.png */ = {isa = PBXFileReference; lastKnownFileType = image.png; path = sa.png; sourceTree = "<group>"; };
		84F143C029E9E2FF00659354 /* ch.png */ = {isa = PBXFileReference; lastKnownFileType = image.png; path = ch.png; sourceTree = "<group>"; };
		84F143C129E9E2FF00659354 /* cm.png */ = {isa = PBXFileReference; lastKnownFileType = image.png; path = cm.png; sourceTree = "<group>"; };
		84F143C229E9E2FF00659354 /* cr.png */ = {isa = PBXFileReference; lastKnownFileType = image.png; path = cr.png; sourceTree = "<group>"; };
		84F143C329E9E2FF00659354 /* fr.png */ = {isa = PBXFileReference; lastKnownFileType = image.png; path = fr.png; sourceTree = "<group>"; };
		84F143C429E9E2FF00659354 /* ir.png */ = {isa = PBXFileReference; lastKnownFileType = image.png; path = ir.png; sourceTree = "<group>"; };
		84F143C529E9E2FF00659354 /* ma.png */ = {isa = PBXFileReference; lastKnownFileType = image.png; path = ma.png; sourceTree = "<group>"; };
		84F143C629E9E2FF00659354 /* be.png */ = {isa = PBXFileReference; lastKnownFileType = image.png; path = be.png; sourceTree = "<group>"; };
		84F143C729E9E2FF00659354 /* gh.png */ = {isa = PBXFileReference; lastKnownFileType = image.png; path = gh.png; sourceTree = "<group>"; };
		84F143C829E9E2FF00659354 /* tn.png */ = {isa = PBXFileReference; lastKnownFileType = image.png; path = tn.png; sourceTree = "<group>"; };
		84F143C929E9E2FF00659354 /* pl.png */ = {isa = PBXFileReference; lastKnownFileType = image.png; path = pl.png; sourceTree = "<group>"; };
		84F143CA29E9E2FF00659354 /* qa.png */ = {isa = PBXFileReference; lastKnownFileType = image.png; path = qa.png; sourceTree = "<group>"; };
		84F143CB29E9E2FF00659354 /* ca.png */ = {isa = PBXFileReference; lastKnownFileType = image.png; path = ca.png; sourceTree = "<group>"; };
		84F143CC29E9E2FF00659354 /* nl.png */ = {isa = PBXFileReference; lastKnownFileType = image.png; path = nl.png; sourceTree = "<group>"; };
		84F143CD29E9E2FF00659354 /* es.png */ = {isa = PBXFileReference; lastKnownFileType = image.png; path = es.png; sourceTree = "<group>"; };
		84F143CE29E9E30000659354 /* mx.png */ = {isa = PBXFileReference; lastKnownFileType = image.png; path = mx.png; sourceTree = "<group>"; };
		84F143CF29E9E30000659354 /* sn.png */ = {isa = PBXFileReference; lastKnownFileType = image.png; path = sn.png; sourceTree = "<group>"; };
		84F143D029E9E30000659354 /* uy.png */ = {isa = PBXFileReference; lastKnownFileType = image.png; path = uy.png; sourceTree = "<group>"; };
		84F143D129E9E30000659354 /* gb-wls.png */ = {isa = PBXFileReference; lastKnownFileType = image.png; path = "gb-wls.png"; sourceTree = "<group>"; };
		84F143D229E9E30000659354 /* ar.png */ = {isa = PBXFileReference; lastKnownFileType = image.png; path = ar.png; sourceTree = "<group>"; };
		84F143D329E9E30000659354 /* hr.png */ = {isa = PBXFileReference; lastKnownFileType = image.png; path = hr.png; sourceTree = "<group>"; };
		84F143D429E9E30000659354 /* ec.png */ = {isa = PBXFileReference; lastKnownFileType = image.png; path = ec.png; sourceTree = "<group>"; };
		84F143D529E9E30000659354 /* us.png */ = {isa = PBXFileReference; lastKnownFileType = image.png; path = us.png; sourceTree = "<group>"; };
		84F143D629E9E30000659354 /* kr.png */ = {isa = PBXFileReference; lastKnownFileType = image.png; path = kr.png; sourceTree = "<group>"; };
		84F143D729E9E30000659354 /* dk.png */ = {isa = PBXFileReference; lastKnownFileType = image.png; path = dk.png; sourceTree = "<group>"; };
		84F143D829E9E30000659354 /* rs.png */ = {isa = PBXFileReference; lastKnownFileType = image.png; path = rs.png; sourceTree = "<group>"; };
		84F143D929E9E30000659354 /* gb-eng.png */ = {isa = PBXFileReference; lastKnownFileType = image.png; path = "gb-eng.png"; sourceTree = "<group>"; };
		84F143DA29E9E30000659354 /* au.png */ = {isa = PBXFileReference; lastKnownFileType = image.png; path = au.png; sourceTree = "<group>"; };
		84F143DB29E9E30000659354 /* de.png */ = {isa = PBXFileReference; lastKnownFileType = image.png; path = de.png; sourceTree = "<group>"; };
		84F143DC29E9E30100659354 /* pt.png */ = {isa = PBXFileReference; lastKnownFileType = image.png; path = pt.png; sourceTree = "<group>"; };
		84F143DD29E9E30100659354 /* br.png */ = {isa = PBXFileReference; lastKnownFileType = image.png; path = br.png; sourceTree = "<group>"; };
/* End PBXFileReference section */

/* Begin PBXFrameworksBuildPhase section */
		849A075A29D9143A0074F2F3 /* Frameworks */ = {
			isa = PBXFrameworksBuildPhase;
			buildActionMask = 2147483647;
			files = (
			);
			runOnlyForDeploymentPostprocessing = 0;
		};
/* End PBXFrameworksBuildPhase section */

/* Begin PBXGroup section */
		84053B9429E4F34000145135 /* Media */ = {
			isa = PBXGroup;
			children = (
				84F143BD29E9E29E00659354 /* Banderas */,
				84053B9629E4F36F00145135 /* Logos */,
			);
			path = Media;
			sourceTree = "<group>";
		};
		84053B9629E4F36F00145135 /* Logos */ = {
			isa = PBXGroup;
			children = (
				84F143BB29E9E06700659354 /* desconocido.jpg */,
				84053B9129E4F0D600145135 /* Logo2.jpeg */,
				84053B8F29E4EFC200145135 /* QatarLogoOficial.png */,
			);
			path = Logos;
			sourceTree = "<group>";
		};
		849A075429D9143A0074F2F3 = {
			isa = PBXGroup;
			children = (
				84053B9429E4F34000145135 /* Media */,
				849A075F29D9143A0074F2F3 /* P2-Sorteo Qatar */,
				849A075E29D9143A0074F2F3 /* Products */,
			);
			sourceTree = "<group>";
		};
		849A075E29D9143A0074F2F3 /* Products */ = {
			isa = PBXGroup;
			children = (
				849A075D29D9143A0074F2F3 /* P2-Sorteo Qatar.app */,
			);
			name = Products;
			sourceTree = "<group>";
		};
		849A075F29D9143A0074F2F3 /* P2-Sorteo Qatar */ = {
			isa = PBXGroup;
			children = (
				849A076029D9143A0074F2F3 /* AppDelegate.swift */,
				849A076229D9143A0074F2F3 /* SceneDelegate.swift */,
				849A076429D9143A0074F2F3 /* ViewController.swift */,
				849A076629D9143A0074F2F3 /* Main.storyboard */,
				849A076929D9143C0074F2F3 /* Assets.xcassets */,
				849A076B29D9143C0074F2F3 /* LaunchScreen.storyboard */,
				849A076E29D9143C0074F2F3 /* Info.plist */,
				84053B8B29E4EBAB00145135 /* Pais.swift */,
				840A405429E5D42800CF5F88 /* Sorteo.swift */,
				840A405629E5D45300CF5F88 /* Bombo.swift */,
			);
			path = "P2-Sorteo Qatar";
			sourceTree = "<group>";
		};
		84F143BD29E9E29E00659354 /* Banderas */ = {
			isa = PBXGroup;
			children = (
				84F143D229E9E30000659354 /* ar.png */,
				84F143DA29E9E30000659354 /* au.png */,
				84F143C629E9E2FF00659354 /* be.png */,
				84F143DD29E9E30100659354 /* br.png */,
				84F143CB29E9E2FF00659354 /* ca.png */,
				84F143C029E9E2FF00659354 /* ch.png */,
				84F143C129E9E2FF00659354 /* cm.png */,
				84F143C229E9E2FF00659354 /* cr.png */,
				84F143DB29E9E30000659354 /* de.png */,
				84F143D729E9E30000659354 /* dk.png */,
				84F143D429E9E30000659354 /* ec.png */,
				84F143CD29E9E2FF00659354 /* es.png */,
				84F143C329E9E2FF00659354 /* fr.png */,
				84F143D929E9E30000659354 /* gb-eng.png */,
				84F143D129E9E30000659354 /* gb-wls.png */,
				84F143C729E9E2FF00659354 /* gh.png */,
				84F143D329E9E30000659354 /* hr.png */,
				84F143C429E9E2FF00659354 /* ir.png */,
				84F143BE29E9E2FF00659354 /* jp.png */,
				84F143D629E9E30000659354 /* kr.png */,
				84F143C529E9E2FF00659354 /* ma.png */,
				84F143CE29E9E30000659354 /* mx.png */,
				84F143CC29E9E2FF00659354 /* nl.png */,
				84F143C929E9E2FF00659354 /* pl.png */,
				84F143DC29E9E30100659354 /* pt.png */,
				84F143CA29E9E2FF00659354 /* qa.png */,
				84F143D829E9E30000659354 /* rs.png */,
				84F143BF29E9E2FF00659354 /* sa.png */,
				84F143CF29E9E30000659354 /* sn.png */,
				84F143C829E9E2FF00659354 /* tn.png */,
				84F143D529E9E30000659354 /* us.png */,
				84F143D029E9E30000659354 /* uy.png */,
			);
			path = Banderas;
			sourceTree = "<group>";
		};
/* End PBXGroup section */

/* Begin PBXNativeTarget section */
		849A075C29D9143A0074F2F3 /* P2-Sorteo Qatar */ = {
			isa = PBXNativeTarget;
			buildConfigurationList = 849A077129D9143C0074F2F3 /* Build configuration list for PBXNativeTarget "P2-Sorteo Qatar" */;
			buildPhases = (
				849A075929D9143A0074F2F3 /* Sources */,
				849A075A29D9143A0074F2F3 /* Frameworks */,
				849A075B29D9143A0074F2F3 /* Resources */,
			);
			buildRules = (
			);
			dependencies = (
			);
			name = "P2-Sorteo Qatar";
			productName = "P2-Sorteo Qatar";
			productReference = 849A075D29D9143A0074F2F3 /* P2-Sorteo Qatar.app */;
			productType = "com.apple.product-type.application";
		};
/* End PBXNativeTarget section */

/* Begin PBXProject section */
		849A075529D9143A0074F2F3 /* Project object */ = {
			isa = PBXProject;
			attributes = {
				BuildIndependentTargetsInParallel = 1;
				LastSwiftUpdateCheck = 1320;
				LastUpgradeCheck = 1320;
				TargetAttributes = {
					849A075C29D9143A0074F2F3 = {
						CreatedOnToolsVersion = 13.2;
					};
				};
			};
			buildConfigurationList = 849A075829D9143A0074F2F3 /* Build configuration list for PBXProject "P2-Sorteo Qatar" */;
			compatibilityVersion = "Xcode 13.0";
			developmentRegion = en;
			hasScannedForEncodings = 0;
			knownRegions = (
				en,
				Base,
			);
			mainGroup = 849A075429D9143A0074F2F3;
			productRefGroup = 849A075E29D9143A0074F2F3 /* Products */;
			projectDirPath = "";
			projectRoot = "";
			targets = (
				849A075C29D9143A0074F2F3 /* P2-Sorteo Qatar */,
			);
		};
/* End PBXProject section */

/* Begin PBXResourcesBuildPhase section */
		849A075B29D9143A0074F2F3 /* Resources */ = {
			isa = PBXResourcesBuildPhase;
			buildActionMask = 2147483647;
			files = (
				84F143E429E9E30100659354 /* ir.png in Resources */,
				84F143BC29E9E06700659354 /* desconocido.jpg in Resources */,
				84F143F429E9E30100659354 /* ec.png in Resources */,
				84F143EE29E9E30100659354 /* mx.png in Resources */,
				84F143F129E9E30100659354 /* gb-wls.png in Resources */,
				84F143FA29E9E30100659354 /* au.png in Resources */,
				84F143E329E9E30100659354 /* fr.png in Resources */,
				84F143ED29E9E30100659354 /* es.png in Resources */,
				849A076D29D9143C0074F2F3 /* LaunchScreen.storyboard in Resources */,
				84F143F729E9E30100659354 /* dk.png in Resources */,
				84F143F329E9E30100659354 /* hr.png in Resources */,
				84053B9029E4EFC200145135 /* QatarLogoOficial.png in Resources */,
				84F143EB29E9E30100659354 /* ca.png in Resources */,
				84F143F829E9E30100659354 /* rs.png in Resources */,
				849A076A29D9143C0074F2F3 /* Assets.xcassets in Resources */,
				84F143DE29E9E30100659354 /* jp.png in Resources */,
				84F143F929E9E30100659354 /* gb-eng.png in Resources */,
				84F143F029E9E30100659354 /* uy.png in Resources */,
				84F143E129E9E30100659354 /* cm.png in Resources */,
				84F143F529E9E30100659354 /* us.png in Resources */,
				84F143E729E9E30100659354 /* gh.png in Resources */,
				84F143E029E9E30100659354 /* ch.png in Resources */,
				84F143EA29E9E30100659354 /* qa.png in Resources */,
				84F143EC29E9E30100659354 /* nl.png in Resources */,
				84F143DF29E9E30100659354 /* sa.png in Resources */,
				84F143E629E9E30100659354 /* be.png in Resources */,
				84F143E229E9E30100659354 /* cr.png in Resources */,
				84F143EF29E9E30100659354 /* sn.png in Resources */,
				84F143E529E9E30100659354 /* ma.png in Resources */,
				84F143FD29E9E30100659354 /* br.png in Resources */,
				84F143FC29E9E30100659354 /* pt.png in Resources */,
				84F143E829E9E30100659354 /* tn.png in Resources */,
				84F143FB29E9E30100659354 /* de.png in Resources */,
				84F143F229E9E30100659354 /* ar.png in Resources */,
				84053B9229E4F0D600145135 /* Logo2.jpeg in Resources */,
				849A076829D9143A0074F2F3 /* Main.storyboard in Resources */,
				84F143E929E9E30100659354 /* pl.png in Resources */,
				84F143F629E9E30100659354 /* kr.png in Resources */,
			);
			runOnlyForDeploymentPostprocessing = 0;
		};
/* End PBXResourcesBuildPhase section */

/* Begin PBXSourcesBuildPhase section */
		849A075929D9143A0074F2F3 /* Sources */ = {
			isa = PBXSourcesBuildPhase;
			buildActionMask = 2147483647;
			files = (
				849A076529D9143A0074F2F3 /* ViewController.swift in Sources */,
				840A405729E5D45300CF5F88 /* Bombo.swift in Sources */,
				840A405529E5D42800CF5F88 /* Sorteo.swift in Sources */,
				849A076129D9143A0074F2F3 /* AppDelegate.swift in Sources */,
				84053B8C29E4EBAB00145135 /* Pais.swift in Sources */,
				849A076329D9143A0074F2F3 /* SceneDelegate.swift in Sources */,
			);
			runOnlyForDeploymentPostprocessing = 0;
		};
/* End PBXSourcesBuildPhase section */

/* Begin PBXVariantGroup section */
		849A076629D9143A0074F2F3 /* Main.storyboard */ = {
			isa = PBXVariantGroup;
			children = (
				849A076729D9143A0074F2F3 /* Base */,
			);
			name = Main.storyboard;
			sourceTree = "<group>";
		};
		849A076B29D9143C0074F2F3 /* LaunchScreen.storyboard */ = {
			isa = PBXVariantGroup;
			children = (
				849A076C29D9143C0074F2F3 /* Base */,
			);
			name = LaunchScreen.storyboard;
			sourceTree = "<group>";
		};
/* End PBXVariantGroup section */

/* Begin XCBuildConfiguration section */
		849A076F29D9143C0074F2F3 /* Debug */ = {
			isa = XCBuildConfiguration;
			buildSettings = {
				ALWAYS_SEARCH_USER_PATHS = NO;
				CLANG_ANALYZER_NONNULL = YES;
				CLANG_ANALYZER_NUMBER_OBJECT_CONVERSION = YES_AGGRESSIVE;
				CLANG_CXX_LANGUAGE_STANDARD = "gnu++17";
				CLANG_CXX_LIBRARY = "libc++";
				CLANG_ENABLE_MODULES = YES;
				CLANG_ENABLE_OBJC_ARC = YES;
				CLANG_ENABLE_OBJC_WEAK = YES;
				CLANG_WARN_BLOCK_CAPTURE_AUTORELEASING = YES;
				CLANG_WARN_BOOL_CONVERSION = YES;
				CLANG_WARN_COMMA = YES;
				CLANG_WARN_CONSTANT_CONVERSION = YES;
				CLANG_WARN_DEPRECATED_OBJC_IMPLEMENTATIONS = YES;
				CLANG_WARN_DIRECT_OBJC_ISA_USAGE = YES_ERROR;
				CLANG_WARN_DOCUMENTATION_COMMENTS = YES;
				CLANG_WARN_EMPTY_BODY = YES;
				CLANG_WARN_ENUM_CONVERSION = YES;
				CLANG_WARN_INFINITE_RECURSION = YES;
				CLANG_WARN_INT_CONVERSION = YES;
				CLANG_WARN_NON_LITERAL_NULL_CONVERSION = YES;
				CLANG_WARN_OBJC_IMPLICIT_RETAIN_SELF = YES;
				CLANG_WARN_OBJC_LITERAL_CONVERSION = YES;
				CLANG_WARN_OBJC_ROOT_CLASS = YES_ERROR;
				CLANG_WARN_QUOTED_INCLUDE_IN_FRAMEWORK_HEADER = YES;
				CLANG_WARN_RANGE_LOOP_ANALYSIS = YES;
				CLANG_WARN_STRICT_PROTOTYPES = YES;
				CLANG_WARN_SUSPICIOUS_MOVE = YES;
				CLANG_WARN_UNGUARDED_AVAILABILITY = YES_AGGRESSIVE;
				CLANG_WARN_UNREACHABLE_CODE = YES;
				CLANG_WARN__DUPLICATE_METHOD_MATCH = YES;
				COPY_PHASE_STRIP = NO;
				DEBUG_INFORMATION_FORMAT = dwarf;
				ENABLE_STRICT_OBJC_MSGSEND = YES;
				ENABLE_TESTABILITY = YES;
				GCC_C_LANGUAGE_STANDARD = gnu11;
				GCC_DYNAMIC_NO_PIC = NO;
				GCC_NO_COMMON_BLOCKS = YES;
				GCC_OPTIMIZATION_LEVEL = 0;
				GCC_PREPROCESSOR_DEFINITIONS = (
					"DEBUG=1",
					"$(inherited)",
				);
				GCC_WARN_64_TO_32_BIT_CONVERSION = YES;
				GCC_WARN_ABOUT_RETURN_TYPE = YES_ERROR;
				GCC_WARN_UNDECLARED_SELECTOR = YES;
				GCC_WARN_UNINITIALIZED_AUTOS = YES_AGGRESSIVE;
				GCC_WARN_UNUSED_FUNCTION = YES;
				GCC_WARN_UNUSED_VARIABLE = YES;
				IPHONEOS_DEPLOYMENT_TARGET = 15.2;
				MTL_ENABLE_DEBUG_INFO = INCLUDE_SOURCE;
				MTL_FAST_MATH = YES;
				ONLY_ACTIVE_ARCH = YES;
				SDKROOT = iphoneos;
				SWIFT_ACTIVE_COMPILATION_CONDITIONS = DEBUG;
				SWIFT_OPTIMIZATION_LEVEL = "-Onone";
			};
			name = Debug;
		};
		849A077029D9143C0074F2F3 /* Release */ = {
			isa = XCBuildConfiguration;
			buildSettings = {
				ALWAYS_SEARCH_USER_PATHS = NO;
				CLANG_ANALYZER_NONNULL = YES;
				CLANG_ANALYZER_NUMBER_OBJECT_CONVERSION = YES_AGGRESSIVE;
				CLANG_CXX_LANGUAGE_STANDARD = "gnu++17";
				CLANG_CXX_LIBRARY = "libc++";
				CLANG_ENABLE_MODULES = YES;
				CLANG_ENABLE_OBJC_ARC = YES;
				CLANG_ENABLE_OBJC_WEAK = YES;
				CLANG_WARN_BLOCK_CAPTURE_AUTORELEASING = YES;
				CLANG_WARN_BOOL_CONVERSION = YES;
				CLANG_WARN_COMMA = YES;
				CLANG_WARN_CONSTANT_CONVERSION = YES;
				CLANG_WARN_DEPRECATED_OBJC_IMPLEMENTATIONS = YES;
				CLANG_WARN_DIRECT_OBJC_ISA_USAGE = YES_ERROR;
				CLANG_WARN_DOCUMENTATION_COMMENTS = YES;
				CLANG_WARN_EMPTY_BODY = YES;
				CLANG_WARN_ENUM_CONVERSION = YES;
				CLANG_WARN_INFINITE_RECURSION = YES;
				CLANG_WARN_INT_CONVERSION = YES;
				CLANG_WARN_NON_LITERAL_NULL_CONVERSION = YES;
				CLANG_WARN_OBJC_IMPLICIT_RETAIN_SELF = YES;
				CLANG_WARN_OBJC_LITERAL_CONVERSION = YES;
				CLANG_WARN_OBJC_ROOT_CLASS = YES_ERROR;
				CLANG_WARN_QUOTED_INCLUDE_IN_FRAMEWORK_HEADER = YES;
				CLANG_WARN_RANGE_LOOP_ANALYSIS = YES;
				CLANG_WARN_STRICT_PROTOTYPES = YES;
				CLANG_WARN_SUSPICIOUS_MOVE = YES;
				CLANG_WARN_UNGUARDED_AVAILABILITY = YES_AGGRESSIVE;
				CLANG_WARN_UNREACHABLE_CODE = YES;
				CLANG_WARN__DUPLICATE_METHOD_MATCH = YES;
				COPY_PHASE_STRIP = NO;
				DEBUG_INFORMATION_FORMAT = "dwarf-with-dsym";
				ENABLE_NS_ASSERTIONS = NO;
				ENABLE_STRICT_OBJC_MSGSEND = YES;
				GCC_C_LANGUAGE_STANDARD = gnu11;
				GCC_NO_COMMON_BLOCKS = YES;
				GCC_WARN_64_TO_32_BIT_CONVERSION = YES;
				GCC_WARN_ABOUT_RETURN_TYPE = YES_ERROR;
				GCC_WARN_UNDECLARED_SELECTOR = YES;
				GCC_WARN_UNINITIALIZED_AUTOS = YES_AGGRESSIVE;
				GCC_WARN_UNUSED_FUNCTION = YES;
				GCC_WARN_UNUSED_VARIABLE = YES;
				IPHONEOS_DEPLOYMENT_TARGET = 15.2;
				MTL_ENABLE_DEBUG_INFO = NO;
				MTL_FAST_MATH = YES;
				SDKROOT = iphoneos;
				SWIFT_COMPILATION_MODE = wholemodule;
				SWIFT_OPTIMIZATION_LEVEL = "-O";
				VALIDATE_PRODUCT = YES;
			};
			name = Release;
		};
		849A077229D9143C0074F2F3 /* Debug */ = {
			isa = XCBuildConfiguration;
			buildSettings = {
				ASSETCATALOG_COMPILER_APPICON_NAME = AppIcon;
				ASSETCATALOG_COMPILER_GLOBAL_ACCENT_COLOR_NAME = AccentColor;
				CODE_SIGN_STYLE = Automatic;
				CURRENT_PROJECT_VERSION = 1;
				GENERATE_INFOPLIST_FILE = YES;
				INFOPLIST_FILE = "P2-Sorteo Qatar/Info.plist";
				INFOPLIST_KEY_UIApplicationSupportsIndirectInputEvents = YES;
				INFOPLIST_KEY_UILaunchStoryboardName = LaunchScreen;
				INFOPLIST_KEY_UIMainStoryboardFile = Main;
				INFOPLIST_KEY_UISupportedInterfaceOrientations_iPad = "UIInterfaceOrientationPortrait UIInterfaceOrientationPortraitUpsideDown UIInterfaceOrientationLandscapeLeft UIInterfaceOrientationLandscapeRight";
				INFOPLIST_KEY_UISupportedInterfaceOrientations_iPhone = "UIInterfaceOrientationPortrait UIInterfaceOrientationLandscapeLeft UIInterfaceOrientationLandscapeRight";
				LD_RUNPATH_SEARCH_PATHS = (
					"$(inherited)",
					"@executable_path/Frameworks",
				);
				MARKETING_VERSION = 1.0;
				PRODUCT_BUNDLE_IDENTIFIER = "aeax.P2-Sorteo-Qatar";
				PRODUCT_NAME = "$(TARGET_NAME)";
				SWIFT_EMIT_LOC_STRINGS = YES;
				SWIFT_VERSION = 5.0;
				TARGETED_DEVICE_FAMILY = "1,2";
			};
			name = Debug;
		};
		849A077329D9143C0074F2F3 /* Release */ = {
			isa = XCBuildConfiguration;
			buildSettings = {
				ASSETCATALOG_COMPILER_APPICON_NAME = AppIcon;
				ASSETCATALOG_COMPILER_GLOBAL_ACCENT_COLOR_NAME = AccentColor;
				CODE_SIGN_STYLE = Automatic;
				CURRENT_PROJECT_VERSION = 1;
				GENERATE_INFOPLIST_FILE = YES;
				INFOPLIST_FILE = "P2-Sorteo Qatar/Info.plist";
				INFOPLIST_KEY_UIApplicationSupportsIndirectInputEvents = YES;
				INFOPLIST_KEY_UILaunchStoryboardName = LaunchScreen;
				INFOPLIST_KEY_UIMainStoryboardFile = Main;
				INFOPLIST_KEY_UISupportedInterfaceOrientations_iPad = "UIInterfaceOrientationPortrait UIInterfaceOrientationPortraitUpsideDown UIInterfaceOrientationLandscapeLeft UIInterfaceOrientationLandscapeRight";
				INFOPLIST_KEY_UISupportedInterfaceOrientations_iPhone = "UIInterfaceOrientationPortrait UIInterfaceOrientationLandscapeLeft UIInterfaceOrientationLandscapeRight";
				LD_RUNPATH_SEARCH_PATHS = (
					"$(inherited)",
					"@executable_path/Frameworks",
				);
				MARKETING_VERSION = 1.0;
				PRODUCT_BUNDLE_IDENTIFIER = "aeax.P2-Sorteo-Qatar";
				PRODUCT_NAME = "$(TARGET_NAME)";
				SWIFT_EMIT_LOC_STRINGS = YES;
				SWIFT_VERSION = 5.0;
				TARGETED_DEVICE_FAMILY = "1,2";
			};
			name = Release;
		};
/* End XCBuildConfiguration section */

/* Begin XCConfigurationList section */
		849A075829D9143A0074F2F3 /* Build configuration list for PBXProject "P2-Sorteo Qatar" */ = {
			isa = XCConfigurationList;
			buildConfigurations = (
				849A076F29D9143C0074F2F3 /* Debug */,
				849A077029D9143C0074F2F3 /* Release */,
			);
			defaultConfigurationIsVisible = 0;
			defaultConfigurationName = Release;
		};
		849A077129D9143C0074F2F3 /* Build configuration list for PBXNativeTarget "P2-Sorteo Qatar" */ = {
			isa = XCConfigurationList;
			buildConfigurations = (
				849A077229D9143C0074F2F3 /* Debug */,
				849A077329D9143C0074F2F3 /* Release */,
			);
			defaultConfigurationIsVisible = 0;
			defaultConfigurationName = Release;
		};
/* End XCConfigurationList section */
	};
	rootObject = 849A075529D9143A0074F2F3 /* Project object */;
}
